
Microsoft Visual Studio Solution File, Format Version 12.00
# Visual Studio Version 17
VisualStudioVersion = 17.0.31903.59
MinimumVisualStudioVersion = 10.0.40219.1
Project("{FAE04EC0-301F-11D3-BF4B-00C04F79EFBC}") = "FileStoring", "FileStoring\FileStoring.csproj", "{D00A6AED-43A4-474A-804D-49D0F7938F8F}"
EndProject
Project("{FAE04EC0-301F-11D3-BF4B-00C04F79EFBC}") = "Analysis", "Analysis\Analysis.csproj", "{8992280B-8A2D-47F7-A422-AD9B10B1B47B}"
EndProject
Project("{FAE04EC0-301F-11D3-BF4B-00C04F79EFBC}") = "Gateway", "Gateway\Gateway.csproj", "{9EAFD4AE-BDBA-4F3B-B8C6-D18D9284C6EA}"
EndProject
Global
	GlobalSection(SolutionConfigurationPlatforms) = preSolution
		Debug|Any CPU = Debug|Any CPU
		Debug|x64 = Debug|x64
		Debug|x86 = Debug|x86
		Release|Any CPU = Release|Any CPU
		Release|x64 = Release|x64
		Release|x86 = Release|x86
	EndGlobalSection
	GlobalSection(ProjectConfigurationPlatforms) = postSolution
		{D00A6AED-43A4-474A-804D-49D0F7938F8F}.Debug|Any CPU.ActiveCfg = Debug|Any CPU
		{D00A6AED-43A4-474A-804D-49D0F7938F8F}.Debug|Any CPU.Build.0 = Debug|Any CPU
		{D00A6AED-43A4-474A-804D-49D0F7938F8F}.Debug|x64.ActiveCfg = Debug|Any CPU
		{D00A6AED-43A4-474A-804D-49D0F7938F8F}.Debug|x64.Build.0 = Debug|Any CPU
		{D00A6AED-43A4-474A-804D-49D0F7938F8F}.Debug|x86.ActiveCfg = Debug|Any CPU
		{D00A6AED-43A4-474A-804D-49D0F7938F8F}.Debug|x86.Build.0 = Debug|Any CPU
		{D00A6AED-43A4-474A-804D-49D0F7938F8F}.Release|Any CPU.ActiveCfg = Release|Any CPU
		{D00A6AED-43A4-474A-804D-49D0F7938F8F}.Release|Any CPU.Build.0 = Release|Any CPU
		{D00A6AED-43A4-474A-804D-49D0F7938F8F}.Release|x64.ActiveCfg = Release|Any CPU
		{D00A6AED-43A4-474A-804D-49D0F7938F8F}.Release|x64.Build.0 = Release|Any CPU
		{D00A6AED-43A4-474A-804D-49D0F7938F8F}.Release|x86.ActiveCfg = Release|Any CPU
		{D00A6AED-43A4-474A-804D-49D0F7938F8F}.Release|x86.Build.0 = Release|Any CPU
		{8992280B-8A2D-47F7-A422-AD9B10B1B47B}.Debug|Any CPU.ActiveCfg = Debug|Any CPU
		{8992280B-8A2D-47F7-A422-AD9B10B1B47B}.Debug|Any CPU.Build.0 = Debug|Any CPU
		{8992280B-8A2D-47F7-A422-AD9B10B1B47B}.Debug|x64.ActiveCfg = Debug|Any CPU
		{8992280B-8A2D-47F7-A422-AD9B10B1B47B}.Debug|x64.Build.0 = Debug|Any CPU
		{8992280B-8A2D-47F7-A422-AD9B10B1B47B}.Debug|x86.ActiveCfg = Debug|Any CPU
		{8992280B-8A2D-47F7-A422-AD9B10B1B47B}.Debug|x86.Build.0 = Debug|Any CPU
		{8992280B-8A2D-47F7-A422-AD9B10B1B47B}.Release|Any CPU.ActiveCfg = Release|Any CPU
		{8992280B-8A2D-47F7-A422-AD9B10B1B47B}.Release|Any CPU.Build.0 = Release|Any CPU
		{8992280B-8A2D-47F7-A422-AD9B10B1B47B}.Release|x64.ActiveCfg = Release|Any CPU
		{8992280B-8A2D-47F7-A422-AD9B10B1B47B}.Release|x64.Build.0 = Release|Any CPU
		{8992280B-8A2D-47F7-A422-AD9B10B1B47B}.Release|x86.ActiveCfg = Release|Any CPU
		{8992280B-8A2D-47F7-A422-AD9B10B1B47B}.Release|x86.Build.0 = Release|Any CPU
		{9EAFD4AE-BDBA-4F3B-B8C6-D18D9284C6EA}.Debug|Any CPU.ActiveCfg = Debug|Any CPU
		{9EAFD4AE-BDBA-4F3B-B8C6-D18D9284C6EA}.Debug|Any CPU.Build.0 = Debug|Any CPU
		{9EAFD4AE-BDBA-4F3B-B8C6-D18D9284C6EA}.Debug|x64.ActiveCfg = Debug|Any CPU
		{9EAFD4AE-BDBA-4F3B-B8C6-D18D9284C6EA}.Debug|x64.Build.0 = Debug|Any CPU
		{9EAFD4AE-BDBA-4F3B-B8C6-D18D9284C6EA}.Debug|x86.ActiveCfg = Debug|Any CPU
		{9EAFD4AE-BDBA-4F3B-B8C6-D18D9284C6EA}.Debug|x86.Build.0 = Debug|Any CPU
		{9EAFD4AE-BDBA-4F3B-B8C6-D18D9284C6EA}.Release|Any CPU.ActiveCfg = Release|Any CPU
		{9EAFD4AE-BDBA-4F3B-B8C6-D18D9284C6EA}.Release|Any CPU.Build.0 = Release|Any CPU
		{9EAFD4AE-BDBA-4F3B-B8C6-D18D9284C6EA}.Release|x64.ActiveCfg = Release|Any CPU
		{9EAFD4AE-BDBA-4F3B-B8C6-D18D9284C6EA}.Release|x64.Build.0 = Release|Any CPU
		{9EAFD4AE-BDBA-4F3B-B8C6-D18D9284C6EA}.Release|x86.ActiveCfg = Release|Any CPU
		{9EAFD4AE-BDBA-4F3B-B8C6-D18D9284C6EA}.Release|x86.Build.0 = Release|Any CPU
	EndGlobalSection
	GlobalSection(SolutionProperties) = preSolution
		HideSolutionNode = FALSE
	EndGlobalSection
EndGlobal
